
Microsoft Visual Studio Solution File, Format Version 12.00
# Visual Studio Version 17
VisualStudioVersion = 17.5.33627.172
MinimumVisualStudioVersion = 10.0.40219.1
Project("{9A19103F-16F7-4668-BE54-9A1E7A4F7556}") = "StorageService", "StorageService\StorageService.csproj", "{CF6B7270-E48F-4EBE-80D1-BAF5A4A452C6}"
EndProject
Project("{9A19103F-16F7-4668-BE54-9A1E7A4F7556}") = "AuthService", "AuthService\AuthService.csproj", "{FF82E55A-DBA4-4DD1-8296-667367FCEBED}"
EndProject
Project("{9A19103F-16F7-4668-BE54-9A1E7A4F7556}") = "EquipmentService", "EquipmentService\EquipmentService.csproj", "{619D7304-E8AC-40A0-8888-39AB11B9C9F4}"
EndProject
Project("{E53339B2-1760-4266-BCC7-CA923CBCF16C}") = "docker-compose", "docker-compose.dcproj", "{82012D73-D8AC-4996-90DD-F158ECA5C277}"
EndProject
Project("{FAE04EC0-301F-11D3-BF4B-00C04F79EFBC}") = "Core", "..\Core\Core.csproj", "{EF13C3F4-00F2-4F4B-9403-186BC50DFCA3}"
EndProject
Project("{FAE04EC0-301F-11D3-BF4B-00C04F79EFBC}") = "Infrastructure", "..\Infrastructure\Infrastructure.csproj", "{20437567-4F4A-48A5-8674-5B90BA04402C}"
EndProject
Project("{FAE04EC0-301F-11D3-BF4B-00C04F79EFBC}") = "Web", "..\Web\Web.csproj", "{32CF925A-0E80-4A5B-839E-106A6941F87D}"
EndProject
Global
	GlobalSection(SolutionConfigurationPlatforms) = preSolution
		Debug|Any CPU = Debug|Any CPU
		Release|Any CPU = Release|Any CPU
	EndGlobalSection
	GlobalSection(ProjectConfigurationPlatforms) = postSolution
		{CF6B7270-E48F-4EBE-80D1-BAF5A4A452C6}.Debug|Any CPU.ActiveCfg = Debug|Any CPU
		{CF6B7270-E48F-4EBE-80D1-BAF5A4A452C6}.Debug|Any CPU.Build.0 = Debug|Any CPU
		{CF6B7270-E48F-4EBE-80D1-BAF5A4A452C6}.Release|Any CPU.ActiveCfg = Release|Any CPU
		{CF6B7270-E48F-4EBE-80D1-BAF5A4A452C6}.Release|Any CPU.Build.0 = Release|Any CPU
		{FF82E55A-DBA4-4DD1-8296-667367FCEBED}.Debug|Any CPU.ActiveCfg = Debug|Any CPU
		{FF82E55A-DBA4-4DD1-8296-667367FCEBED}.Debug|Any CPU.Build.0 = Debug|Any CPU
		{FF82E55A-DBA4-4DD1-8296-667367FCEBED}.Release|Any CPU.ActiveCfg = Release|Any CPU
		{FF82E55A-DBA4-4DD1-8296-667367FCEBED}.Release|Any CPU.Build.0 = Release|Any CPU
		{619D7304-E8AC-40A0-8888-39AB11B9C9F4}.Debug|Any CPU.ActiveCfg = Debug|Any CPU
		{619D7304-E8AC-40A0-8888-39AB11B9C9F4}.Debug|Any CPU.Build.0 = Debug|Any CPU
		{619D7304-E8AC-40A0-8888-39AB11B9C9F4}.Release|Any CPU.ActiveCfg = Release|Any CPU
		{619D7304-E8AC-40A0-8888-39AB11B9C9F4}.Release|Any CPU.Build.0 = Release|Any CPU
		{82012D73-D8AC-4996-90DD-F158ECA5C277}.Debug|Any CPU.ActiveCfg = Debug|Any CPU
		{82012D73-D8AC-4996-90DD-F158ECA5C277}.Debug|Any CPU.Build.0 = Debug|Any CPU
		{82012D73-D8AC-4996-90DD-F158ECA5C277}.Release|Any CPU.ActiveCfg = Release|Any CPU
		{82012D73-D8AC-4996-90DD-F158ECA5C277}.Release|Any CPU.Build.0 = Release|Any CPU
		{EF13C3F4-00F2-4F4B-9403-186BC50DFCA3}.Debug|Any CPU.ActiveCfg = Debug|Any CPU
		{EF13C3F4-00F2-4F4B-9403-186BC50DFCA3}.Debug|Any CPU.Build.0 = Debug|Any CPU
		{EF13C3F4-00F2-4F4B-9403-186BC50DFCA3}.Release|Any CPU.ActiveCfg = Release|Any CPU
		{EF13C3F4-00F2-4F4B-9403-186BC50DFCA3}.Release|Any CPU.Build.0 = Release|Any CPU
		{20437567-4F4A-48A5-8674-5B90BA04402C}.Debug|Any CPU.ActiveCfg = Debug|Any CPU
		{20437567-4F4A-48A5-8674-5B90BA04402C}.Debug|Any CPU.Build.0 = Debug|Any CPU
		{20437567-4F4A-48A5-8674-5B90BA04402C}.Release|Any CPU.ActiveCfg = Release|Any CPU
		{20437567-4F4A-48A5-8674-5B90BA04402C}.Release|Any CPU.Build.0 = Release|Any CPU
		{32CF925A-0E80-4A5B-839E-106A6941F87D}.Debug|Any CPU.ActiveCfg = Debug|Any CPU
		{32CF925A-0E80-4A5B-839E-106A6941F87D}.Debug|Any CPU.Build.0 = Debug|Any CPU
		{32CF925A-0E80-4A5B-839E-106A6941F87D}.Release|Any CPU.ActiveCfg = Release|Any CPU
		{32CF925A-0E80-4A5B-839E-106A6941F87D}.Release|Any CPU.Build.0 = Release|Any CPU
	EndGlobalSection
	GlobalSection(SolutionProperties) = preSolution
		HideSolutionNode = FALSE
	EndGlobalSection
	GlobalSection(ExtensibilityGlobals) = postSolution
		SolutionGuid = {200734F8-18B7-45D6-BC47-7AA912ADD5C7}
	EndGlobalSection
EndGlobal
