
Microsoft Visual Studio Solution File, Format Version 12.00
# Visual Studio Version 17
VisualStudioVersion = 17.5.33627.172
MinimumVisualStudioVersion = 10.0.40219.1
Project("{2150E333-8FDC-42A3-9474-1A3956D46DE8}") = "Storage", "Storage", "{D207ADF3-DD8C-449C-A042-0B122C9CE2DB}"
EndProject
Project("{2150E333-8FDC-42A3-9474-1A3956D46DE8}") = "Equipment", "Equipment", "{4B2CB170-3314-4633-A3C0-3E0B8F237995}"
EndProject
Project("{9A19103F-16F7-4668-BE54-9A1E7A4F7556}") = "Storage.Application", "Storage.Application\Storage.Application.csproj", "{02B8A031-2707-4395-8093-7DC4851197CD}"
EndProject
Project("{9A19103F-16F7-4668-BE54-9A1E7A4F7556}") = "Storage.Domain", "Storage.Domain\Storage.Domain.csproj", "{18D23197-8017-4FD8-8124-6BD8FE2597D9}"
EndProject
Project("{9A19103F-16F7-4668-BE54-9A1E7A4F7556}") = "Storage.WebAPI", "Storage.WebAPI\Storage.WebAPI.csproj", "{BFDF8AF6-C267-42A2-97E1-C02E745A433D}"
EndProject
Project("{9A19103F-16F7-4668-BE54-9A1E7A4F7556}") = "Equipment.Application", "Equipment.Application\Equipment.Application.csproj", "{5F788580-113C-4994-9955-3F463F155550}"
EndProject
Project("{9A19103F-16F7-4668-BE54-9A1E7A4F7556}") = "Equipment.Domain", "Equipment.Domain\Equipment.Domain.csproj", "{7D8956E6-3A21-424B-A85E-AC80F95D2DE7}"
EndProject
Project("{9A19103F-16F7-4668-BE54-9A1E7A4F7556}") = "Equipment.WebAPI", "Equipment.WebAPI\Equipment.WebAPI.csproj", "{2D9DC4ED-39C6-4800-8DF7-C83134172EFF}"
EndProject
Project("{9A19103F-16F7-4668-BE54-9A1E7A4F7556}") = "Equipment.Infrastructure.Persistance", "Equipment.Infrastructure.Persistance\Equipment.Infrastructure.Persistance.csproj", "{FAF61109-896C-40DA-A129-4DC7AD90524E}"
EndProject
Project("{9A19103F-16F7-4668-BE54-9A1E7A4F7556}") = "Storage.Infrastructure.Persistance", "Storage.Infrastructure.Persistance\Storage.Infrastructure.Persistance.csproj", "{78A2377B-5358-4E0D-87F0-A1DC67FEE303}"
EndProject
Project("{2150E333-8FDC-42A3-9474-1A3956D46DE8}") = "Auth", "Auth", "{23BEA8A4-DED1-404D-99B1-4FC2C87171DC}"
EndProject
Project("{9A19103F-16F7-4668-BE54-9A1E7A4F7556}") = "Auth.Application", "Auth.Application\Auth.Application.csproj", "{932144DF-FED9-4351-8C32-9B9796FBD480}"
EndProject
Project("{9A19103F-16F7-4668-BE54-9A1E7A4F7556}") = "Auth.Domain", "Auth.Domain\Auth.Domain.csproj", "{8CABB404-40BB-4FEC-939F-CB852A38CB83}"
EndProject
Project("{9A19103F-16F7-4668-BE54-9A1E7A4F7556}") = "Auth.Infrastructure.Persistance", "Auth.Infrastructure.Persistance\Auth.Infrastructure.Persistance.csproj", "{80C210FB-8F3D-44C4-B9D5-94BC3D017AB5}"
EndProject
Project("{9A19103F-16F7-4668-BE54-9A1E7A4F7556}") = "Auth.WebAPI", "Auth.WebAPI\Auth.WebAPI.csproj", "{F9E2756B-BE9D-4923-A5B5-BCA6FFDA9A86}"
EndProject
Project("{2150E333-8FDC-42A3-9474-1A3956D46DE8}") = "ConstructionSite", "ConstructionSite", "{D22AE96F-8884-47E3-BE3E-580758806FC6}"
EndProject
Project("{9A19103F-16F7-4668-BE54-9A1E7A4F7556}") = "ConstructionSite.Infrastructure.Persistance", "ConstructionSite.Infrastructure.Persistance\ConstructionSite.Infrastructure.Persistance.csproj", "{BCC1265B-C940-409B-82B1-3586D651892A}"
EndProject
Project("{9A19103F-16F7-4668-BE54-9A1E7A4F7556}") = "ConstructionSite.Application", "ConstructionSite.Application\ConstructionSite.Application.csproj", "{F494E4ED-A161-4884-AE10-87D3CA8324FD}"
EndProject
Project("{9A19103F-16F7-4668-BE54-9A1E7A4F7556}") = "ConstructionSite.Domain", "ConstructionSite.Domain\ConstructionSite.Domain.csproj", "{A8FF3E25-857F-42EE-8B77-19674A615552}"
EndProject
Project("{9A19103F-16F7-4668-BE54-9A1E7A4F7556}") = "ConstructionSite.WebAPI", "ConstructionSite.WebAPI\ConstructionSite.WebAPI.csproj", "{BF31D748-5E74-4919-AE73-C68B4BBA13FE}"
EndProject
Project("{2150E333-8FDC-42A3-9474-1A3956D46DE8}") = "Finanse", "Finanse", "{0825EDAA-3882-4197-86EF-914617DFC19B}"
EndProject
Project("{9A19103F-16F7-4668-BE54-9A1E7A4F7556}") = "Finance.Application", "Finance.Application\Finance.Application.csproj", "{B4DE61F7-5DCC-4409-B623-006620A07D94}"
EndProject
Project("{9A19103F-16F7-4668-BE54-9A1E7A4F7556}") = "Finance.Domain", "Finance.Domain\Finance.Domain.csproj", "{681EE9FD-D986-4E29-AD1C-72C138578E37}"
EndProject
Project("{9A19103F-16F7-4668-BE54-9A1E7A4F7556}") = "Finance.Infrastructure.Persistance", "Finance.Infrastructure.Persistance\Finance.Infrastructure.Persistance.csproj", "{0AB3051F-7B4B-477D-9C0E-43054CBAE36E}"
EndProject
Project("{9A19103F-16F7-4668-BE54-9A1E7A4F7556}") = "Finance.WebAPI", "Finance.WebAPI\Finance.WebAPI.csproj", "{8BDDF59D-6C94-4291-BFB4-D2C458600A18}"
EndProject
Project("{E53339B2-1760-4266-BCC7-CA923CBCF16C}") = "docker-compose", "docker-compose.dcproj", "{76D51D9F-6B2A-492C-94A4-C7E41EBAF56D}"
EndProject
Project("{2150E333-8FDC-42A3-9474-1A3956D46DE8}") = "ApiGateway", "ApiGateway", "{746B114A-F17B-4513-B91B-2B5C4E9B38D2}"
EndProject
Project("{9A19103F-16F7-4668-BE54-9A1E7A4F7556}") = "ApiGateway", "ApiGateway\ApiGateway.csproj", "{14BD7F86-5D59-435C-8196-DC359A9D2B96}"
EndProject
Project("{9A19103F-16F7-4668-BE54-9A1E7A4F7556}") = "JwtAuthenticationManager", "JwtAuthenticationManager\JwtAuthenticationManager.csproj", "{6C5F97F9-75C3-4B43-AAE0-5F57D24EEE4A}"
EndProject
Project("{2150E333-8FDC-42A3-9474-1A3956D46DE8}") = "Maintenance", "Maintenance", "{0A65D657-BCDB-401C-9662-DCCD194C80CC}"
EndProject
Project("{9A19103F-16F7-4668-BE54-9A1E7A4F7556}") = "Maintenance.Application", "Maintenance.Application\Maintenance.Application.csproj", "{808EFADE-D851-4697-90D3-684943F38C92}"
EndProject
Project("{9A19103F-16F7-4668-BE54-9A1E7A4F7556}") = "Maintenance.Domain", "Maintenance.Domain\Maintenance.Domain.csproj", "{5CE37884-7572-4885-93B2-33094FEA495C}"
EndProject
Project("{9A19103F-16F7-4668-BE54-9A1E7A4F7556}") = "Maintenance.Infrastructure.Persistance", "Maintenance.Infrastructure.Persistance\Maintenance.Infrastructure.Persistance.csproj", "{C210FDFF-77A1-4CE8-9525-C5332F8DE3A4}"
EndProject
Project("{9A19103F-16F7-4668-BE54-9A1E7A4F7556}") = "Maintenance.WebAPI", "Maintenance.WebAPI\Maintenance.WebAPI.csproj", "{AAE4AF55-DB44-4DA9-BAA9-2E0C8093B3C4}"
EndProject
Project("{9A19103F-16F7-4668-BE54-9A1E7A4F7556}") = "Apigateway.Combine", "Apigateway.Combine\Apigateway.Combine.csproj", "{CE8F56A7-6946-4B17-9433-1D21CBF3F7D1}"
EndProject
Project("{2150E333-8FDC-42A3-9474-1A3956D46DE8}") = "ResponseInfo", "ResponseInfo", "{4A461B27-8C00-4AF1-B1DE-80616088DF94}"
EndProject
Project("{9A19103F-16F7-4668-BE54-9A1E7A4F7556}") = "ResponseInfo", "ResponseInfo\ResponseInfo.csproj", "{0EC4B16D-81EC-45B6-861F-6A76588B5822}"
EndProject
Project("{2150E333-8FDC-42A3-9474-1A3956D46DE8}") = "CorrelationIdLibrary", "CorrelationIdLibrary", "{25C46DFD-C987-48E1-8B83-22BD4574B5EA}"
EndProject
Project("{9A19103F-16F7-4668-BE54-9A1E7A4F7556}") = "CorrelationIdLibrary", "CorrelationIdLibrary\CorrelationIdLibrary.csproj", "{32031DC7-416C-4A8C-8E4D-777CF7FADB21}"
EndProject
Project("{FAE04EC0-301F-11D3-BF4B-00C04F79EFBC}") = "Storage.UnitTest", "Storage.UnitTest\Storage.UnitTest.csproj", "{16D5AB28-C17C-48A1-AD1C-EC34D79590A9}"
EndProject
Global
	GlobalSection(SolutionConfigurationPlatforms) = preSolution
		Debug|Any CPU = Debug|Any CPU
		Release|Any CPU = Release|Any CPU
	EndGlobalSection
	GlobalSection(ProjectConfigurationPlatforms) = postSolution
		{02B8A031-2707-4395-8093-7DC4851197CD}.Debug|Any CPU.ActiveCfg = Debug|Any CPU
		{02B8A031-2707-4395-8093-7DC4851197CD}.Debug|Any CPU.Build.0 = Debug|Any CPU
		{02B8A031-2707-4395-8093-7DC4851197CD}.Release|Any CPU.ActiveCfg = Release|Any CPU
		{02B8A031-2707-4395-8093-7DC4851197CD}.Release|Any CPU.Build.0 = Release|Any CPU
		{18D23197-8017-4FD8-8124-6BD8FE2597D9}.Debug|Any CPU.ActiveCfg = Debug|Any CPU
		{18D23197-8017-4FD8-8124-6BD8FE2597D9}.Debug|Any CPU.Build.0 = Debug|Any CPU
		{18D23197-8017-4FD8-8124-6BD8FE2597D9}.Release|Any CPU.ActiveCfg = Release|Any CPU
		{18D23197-8017-4FD8-8124-6BD8FE2597D9}.Release|Any CPU.Build.0 = Release|Any CPU
		{BFDF8AF6-C267-42A2-97E1-C02E745A433D}.Debug|Any CPU.ActiveCfg = Debug|Any CPU
		{BFDF8AF6-C267-42A2-97E1-C02E745A433D}.Debug|Any CPU.Build.0 = Debug|Any CPU
		{BFDF8AF6-C267-42A2-97E1-C02E745A433D}.Release|Any CPU.ActiveCfg = Release|Any CPU
		{BFDF8AF6-C267-42A2-97E1-C02E745A433D}.Release|Any CPU.Build.0 = Release|Any CPU
		{5F788580-113C-4994-9955-3F463F155550}.Debug|Any CPU.ActiveCfg = Debug|Any CPU
		{5F788580-113C-4994-9955-3F463F155550}.Debug|Any CPU.Build.0 = Debug|Any CPU
		{5F788580-113C-4994-9955-3F463F155550}.Release|Any CPU.ActiveCfg = Release|Any CPU
		{5F788580-113C-4994-9955-3F463F155550}.Release|Any CPU.Build.0 = Release|Any CPU
		{7D8956E6-3A21-424B-A85E-AC80F95D2DE7}.Debug|Any CPU.ActiveCfg = Debug|Any CPU
		{7D8956E6-3A21-424B-A85E-AC80F95D2DE7}.Debug|Any CPU.Build.0 = Debug|Any CPU
		{7D8956E6-3A21-424B-A85E-AC80F95D2DE7}.Release|Any CPU.ActiveCfg = Release|Any CPU
		{7D8956E6-3A21-424B-A85E-AC80F95D2DE7}.Release|Any CPU.Build.0 = Release|Any CPU
		{2D9DC4ED-39C6-4800-8DF7-C83134172EFF}.Debug|Any CPU.ActiveCfg = Debug|Any CPU
		{2D9DC4ED-39C6-4800-8DF7-C83134172EFF}.Debug|Any CPU.Build.0 = Debug|Any CPU
		{2D9DC4ED-39C6-4800-8DF7-C83134172EFF}.Release|Any CPU.ActiveCfg = Release|Any CPU
		{2D9DC4ED-39C6-4800-8DF7-C83134172EFF}.Release|Any CPU.Build.0 = Release|Any CPU
		{FAF61109-896C-40DA-A129-4DC7AD90524E}.Debug|Any CPU.ActiveCfg = Debug|Any CPU
		{FAF61109-896C-40DA-A129-4DC7AD90524E}.Debug|Any CPU.Build.0 = Debug|Any CPU
		{FAF61109-896C-40DA-A129-4DC7AD90524E}.Release|Any CPU.ActiveCfg = Release|Any CPU
		{FAF61109-896C-40DA-A129-4DC7AD90524E}.Release|Any CPU.Build.0 = Release|Any CPU
		{78A2377B-5358-4E0D-87F0-A1DC67FEE303}.Debug|Any CPU.ActiveCfg = Debug|Any CPU
		{78A2377B-5358-4E0D-87F0-A1DC67FEE303}.Debug|Any CPU.Build.0 = Debug|Any CPU
		{78A2377B-5358-4E0D-87F0-A1DC67FEE303}.Release|Any CPU.ActiveCfg = Release|Any CPU
		{78A2377B-5358-4E0D-87F0-A1DC67FEE303}.Release|Any CPU.Build.0 = Release|Any CPU
		{932144DF-FED9-4351-8C32-9B9796FBD480}.Debug|Any CPU.ActiveCfg = Debug|Any CPU
		{932144DF-FED9-4351-8C32-9B9796FBD480}.Debug|Any CPU.Build.0 = Debug|Any CPU
		{932144DF-FED9-4351-8C32-9B9796FBD480}.Release|Any CPU.ActiveCfg = Release|Any CPU
		{932144DF-FED9-4351-8C32-9B9796FBD480}.Release|Any CPU.Build.0 = Release|Any CPU
		{8CABB404-40BB-4FEC-939F-CB852A38CB83}.Debug|Any CPU.ActiveCfg = Debug|Any CPU
		{8CABB404-40BB-4FEC-939F-CB852A38CB83}.Debug|Any CPU.Build.0 = Debug|Any CPU
		{8CABB404-40BB-4FEC-939F-CB852A38CB83}.Release|Any CPU.ActiveCfg = Release|Any CPU
		{8CABB404-40BB-4FEC-939F-CB852A38CB83}.Release|Any CPU.Build.0 = Release|Any CPU
		{80C210FB-8F3D-44C4-B9D5-94BC3D017AB5}.Debug|Any CPU.ActiveCfg = Debug|Any CPU
		{80C210FB-8F3D-44C4-B9D5-94BC3D017AB5}.Debug|Any CPU.Build.0 = Debug|Any CPU
		{80C210FB-8F3D-44C4-B9D5-94BC3D017AB5}.Release|Any CPU.ActiveCfg = Release|Any CPU
		{80C210FB-8F3D-44C4-B9D5-94BC3D017AB5}.Release|Any CPU.Build.0 = Release|Any CPU
		{F9E2756B-BE9D-4923-A5B5-BCA6FFDA9A86}.Debug|Any CPU.ActiveCfg = Debug|Any CPU
		{F9E2756B-BE9D-4923-A5B5-BCA6FFDA9A86}.Debug|Any CPU.Build.0 = Debug|Any CPU
		{F9E2756B-BE9D-4923-A5B5-BCA6FFDA9A86}.Release|Any CPU.ActiveCfg = Release|Any CPU
		{F9E2756B-BE9D-4923-A5B5-BCA6FFDA9A86}.Release|Any CPU.Build.0 = Release|Any CPU
		{BCC1265B-C940-409B-82B1-3586D651892A}.Debug|Any CPU.ActiveCfg = Debug|Any CPU
		{BCC1265B-C940-409B-82B1-3586D651892A}.Debug|Any CPU.Build.0 = Debug|Any CPU
		{BCC1265B-C940-409B-82B1-3586D651892A}.Release|Any CPU.ActiveCfg = Release|Any CPU
		{BCC1265B-C940-409B-82B1-3586D651892A}.Release|Any CPU.Build.0 = Release|Any CPU
		{F494E4ED-A161-4884-AE10-87D3CA8324FD}.Debug|Any CPU.ActiveCfg = Debug|Any CPU
		{F494E4ED-A161-4884-AE10-87D3CA8324FD}.Debug|Any CPU.Build.0 = Debug|Any CPU
		{F494E4ED-A161-4884-AE10-87D3CA8324FD}.Release|Any CPU.ActiveCfg = Release|Any CPU
		{F494E4ED-A161-4884-AE10-87D3CA8324FD}.Release|Any CPU.Build.0 = Release|Any CPU
		{A8FF3E25-857F-42EE-8B77-19674A615552}.Debug|Any CPU.ActiveCfg = Debug|Any CPU
		{A8FF3E25-857F-42EE-8B77-19674A615552}.Debug|Any CPU.Build.0 = Debug|Any CPU
		{A8FF3E25-857F-42EE-8B77-19674A615552}.Release|Any CPU.ActiveCfg = Release|Any CPU
		{A8FF3E25-857F-42EE-8B77-19674A615552}.Release|Any CPU.Build.0 = Release|Any CPU
		{BF31D748-5E74-4919-AE73-C68B4BBA13FE}.Debug|Any CPU.ActiveCfg = Debug|Any CPU
		{BF31D748-5E74-4919-AE73-C68B4BBA13FE}.Debug|Any CPU.Build.0 = Debug|Any CPU
		{BF31D748-5E74-4919-AE73-C68B4BBA13FE}.Release|Any CPU.ActiveCfg = Release|Any CPU
		{BF31D748-5E74-4919-AE73-C68B4BBA13FE}.Release|Any CPU.Build.0 = Release|Any CPU
		{B4DE61F7-5DCC-4409-B623-006620A07D94}.Debug|Any CPU.ActiveCfg = Debug|Any CPU
		{B4DE61F7-5DCC-4409-B623-006620A07D94}.Debug|Any CPU.Build.0 = Debug|Any CPU
		{B4DE61F7-5DCC-4409-B623-006620A07D94}.Release|Any CPU.ActiveCfg = Release|Any CPU
		{B4DE61F7-5DCC-4409-B623-006620A07D94}.Release|Any CPU.Build.0 = Release|Any CPU
		{681EE9FD-D986-4E29-AD1C-72C138578E37}.Debug|Any CPU.ActiveCfg = Debug|Any CPU
		{681EE9FD-D986-4E29-AD1C-72C138578E37}.Debug|Any CPU.Build.0 = Debug|Any CPU
		{681EE9FD-D986-4E29-AD1C-72C138578E37}.Release|Any CPU.ActiveCfg = Release|Any CPU
		{681EE9FD-D986-4E29-AD1C-72C138578E37}.Release|Any CPU.Build.0 = Release|Any CPU
		{0AB3051F-7B4B-477D-9C0E-43054CBAE36E}.Debug|Any CPU.ActiveCfg = Debug|Any CPU
		{0AB3051F-7B4B-477D-9C0E-43054CBAE36E}.Debug|Any CPU.Build.0 = Debug|Any CPU
		{0AB3051F-7B4B-477D-9C0E-43054CBAE36E}.Release|Any CPU.ActiveCfg = Release|Any CPU
		{0AB3051F-7B4B-477D-9C0E-43054CBAE36E}.Release|Any CPU.Build.0 = Release|Any CPU
		{8BDDF59D-6C94-4291-BFB4-D2C458600A18}.Debug|Any CPU.ActiveCfg = Debug|Any CPU
		{8BDDF59D-6C94-4291-BFB4-D2C458600A18}.Debug|Any CPU.Build.0 = Debug|Any CPU
		{8BDDF59D-6C94-4291-BFB4-D2C458600A18}.Release|Any CPU.ActiveCfg = Release|Any CPU
		{8BDDF59D-6C94-4291-BFB4-D2C458600A18}.Release|Any CPU.Build.0 = Release|Any CPU
		{76D51D9F-6B2A-492C-94A4-C7E41EBAF56D}.Debug|Any CPU.ActiveCfg = Debug|Any CPU
		{76D51D9F-6B2A-492C-94A4-C7E41EBAF56D}.Debug|Any CPU.Build.0 = Debug|Any CPU
		{76D51D9F-6B2A-492C-94A4-C7E41EBAF56D}.Release|Any CPU.ActiveCfg = Release|Any CPU
		{76D51D9F-6B2A-492C-94A4-C7E41EBAF56D}.Release|Any CPU.Build.0 = Release|Any CPU
		{14BD7F86-5D59-435C-8196-DC359A9D2B96}.Debug|Any CPU.ActiveCfg = Debug|Any CPU
		{14BD7F86-5D59-435C-8196-DC359A9D2B96}.Debug|Any CPU.Build.0 = Debug|Any CPU
		{14BD7F86-5D59-435C-8196-DC359A9D2B96}.Release|Any CPU.ActiveCfg = Release|Any CPU
		{14BD7F86-5D59-435C-8196-DC359A9D2B96}.Release|Any CPU.Build.0 = Release|Any CPU
		{6C5F97F9-75C3-4B43-AAE0-5F57D24EEE4A}.Debug|Any CPU.ActiveCfg = Debug|Any CPU
		{6C5F97F9-75C3-4B43-AAE0-5F57D24EEE4A}.Debug|Any CPU.Build.0 = Debug|Any CPU
		{6C5F97F9-75C3-4B43-AAE0-5F57D24EEE4A}.Release|Any CPU.ActiveCfg = Release|Any CPU
		{6C5F97F9-75C3-4B43-AAE0-5F57D24EEE4A}.Release|Any CPU.Build.0 = Release|Any CPU
		{808EFADE-D851-4697-90D3-684943F38C92}.Debug|Any CPU.ActiveCfg = Debug|Any CPU
		{808EFADE-D851-4697-90D3-684943F38C92}.Debug|Any CPU.Build.0 = Debug|Any CPU
		{808EFADE-D851-4697-90D3-684943F38C92}.Release|Any CPU.ActiveCfg = Release|Any CPU
		{808EFADE-D851-4697-90D3-684943F38C92}.Release|Any CPU.Build.0 = Release|Any CPU
		{5CE37884-7572-4885-93B2-33094FEA495C}.Debug|Any CPU.ActiveCfg = Debug|Any CPU
		{5CE37884-7572-4885-93B2-33094FEA495C}.Debug|Any CPU.Build.0 = Debug|Any CPU
		{5CE37884-7572-4885-93B2-33094FEA495C}.Release|Any CPU.ActiveCfg = Release|Any CPU
		{5CE37884-7572-4885-93B2-33094FEA495C}.Release|Any CPU.Build.0 = Release|Any CPU
		{C210FDFF-77A1-4CE8-9525-C5332F8DE3A4}.Debug|Any CPU.ActiveCfg = Debug|Any CPU
		{C210FDFF-77A1-4CE8-9525-C5332F8DE3A4}.Debug|Any CPU.Build.0 = Debug|Any CPU
		{C210FDFF-77A1-4CE8-9525-C5332F8DE3A4}.Release|Any CPU.ActiveCfg = Release|Any CPU
		{C210FDFF-77A1-4CE8-9525-C5332F8DE3A4}.Release|Any CPU.Build.0 = Release|Any CPU
		{AAE4AF55-DB44-4DA9-BAA9-2E0C8093B3C4}.Debug|Any CPU.ActiveCfg = Debug|Any CPU
		{AAE4AF55-DB44-4DA9-BAA9-2E0C8093B3C4}.Debug|Any CPU.Build.0 = Debug|Any CPU
		{AAE4AF55-DB44-4DA9-BAA9-2E0C8093B3C4}.Release|Any CPU.ActiveCfg = Release|Any CPU
		{AAE4AF55-DB44-4DA9-BAA9-2E0C8093B3C4}.Release|Any CPU.Build.0 = Release|Any CPU
		{CE8F56A7-6946-4B17-9433-1D21CBF3F7D1}.Debug|Any CPU.ActiveCfg = Debug|Any CPU
		{CE8F56A7-6946-4B17-9433-1D21CBF3F7D1}.Debug|Any CPU.Build.0 = Debug|Any CPU
		{CE8F56A7-6946-4B17-9433-1D21CBF3F7D1}.Release|Any CPU.ActiveCfg = Release|Any CPU
		{CE8F56A7-6946-4B17-9433-1D21CBF3F7D1}.Release|Any CPU.Build.0 = Release|Any CPU
		{0EC4B16D-81EC-45B6-861F-6A76588B5822}.Debug|Any CPU.ActiveCfg = Debug|Any CPU
		{0EC4B16D-81EC-45B6-861F-6A76588B5822}.Debug|Any CPU.Build.0 = Debug|Any CPU
		{0EC4B16D-81EC-45B6-861F-6A76588B5822}.Release|Any CPU.ActiveCfg = Release|Any CPU
		{0EC4B16D-81EC-45B6-861F-6A76588B5822}.Release|Any CPU.Build.0 = Release|Any CPU
		{32031DC7-416C-4A8C-8E4D-777CF7FADB21}.Debug|Any CPU.ActiveCfg = Debug|Any CPU
		{32031DC7-416C-4A8C-8E4D-777CF7FADB21}.Debug|Any CPU.Build.0 = Debug|Any CPU
		{32031DC7-416C-4A8C-8E4D-777CF7FADB21}.Release|Any CPU.ActiveCfg = Release|Any CPU
		{32031DC7-416C-4A8C-8E4D-777CF7FADB21}.Release|Any CPU.Build.0 = Release|Any CPU
		{16D5AB28-C17C-48A1-AD1C-EC34D79590A9}.Debug|Any CPU.ActiveCfg = Debug|Any CPU
		{16D5AB28-C17C-48A1-AD1C-EC34D79590A9}.Debug|Any CPU.Build.0 = Debug|Any CPU
		{16D5AB28-C17C-48A1-AD1C-EC34D79590A9}.Release|Any CPU.ActiveCfg = Release|Any CPU
		{16D5AB28-C17C-48A1-AD1C-EC34D79590A9}.Release|Any CPU.Build.0 = Release|Any CPU
	EndGlobalSection
	GlobalSection(SolutionProperties) = preSolution
		HideSolutionNode = FALSE
	EndGlobalSection
	GlobalSection(NestedProjects) = preSolution
		{02B8A031-2707-4395-8093-7DC4851197CD} = {D207ADF3-DD8C-449C-A042-0B122C9CE2DB}
		{18D23197-8017-4FD8-8124-6BD8FE2597D9} = {D207ADF3-DD8C-449C-A042-0B122C9CE2DB}
		{BFDF8AF6-C267-42A2-97E1-C02E745A433D} = {D207ADF3-DD8C-449C-A042-0B122C9CE2DB}
		{5F788580-113C-4994-9955-3F463F155550} = {4B2CB170-3314-4633-A3C0-3E0B8F237995}
		{7D8956E6-3A21-424B-A85E-AC80F95D2DE7} = {4B2CB170-3314-4633-A3C0-3E0B8F237995}
		{2D9DC4ED-39C6-4800-8DF7-C83134172EFF} = {4B2CB170-3314-4633-A3C0-3E0B8F237995}
		{FAF61109-896C-40DA-A129-4DC7AD90524E} = {4B2CB170-3314-4633-A3C0-3E0B8F237995}
		{78A2377B-5358-4E0D-87F0-A1DC67FEE303} = {D207ADF3-DD8C-449C-A042-0B122C9CE2DB}
		{932144DF-FED9-4351-8C32-9B9796FBD480} = {23BEA8A4-DED1-404D-99B1-4FC2C87171DC}
		{8CABB404-40BB-4FEC-939F-CB852A38CB83} = {23BEA8A4-DED1-404D-99B1-4FC2C87171DC}
		{80C210FB-8F3D-44C4-B9D5-94BC3D017AB5} = {23BEA8A4-DED1-404D-99B1-4FC2C87171DC}
		{F9E2756B-BE9D-4923-A5B5-BCA6FFDA9A86} = {23BEA8A4-DED1-404D-99B1-4FC2C87171DC}
		{BCC1265B-C940-409B-82B1-3586D651892A} = {D22AE96F-8884-47E3-BE3E-580758806FC6}
		{F494E4ED-A161-4884-AE10-87D3CA8324FD} = {D22AE96F-8884-47E3-BE3E-580758806FC6}
		{A8FF3E25-857F-42EE-8B77-19674A615552} = {D22AE96F-8884-47E3-BE3E-580758806FC6}
		{BF31D748-5E74-4919-AE73-C68B4BBA13FE} = {D22AE96F-8884-47E3-BE3E-580758806FC6}
		{B4DE61F7-5DCC-4409-B623-006620A07D94} = {0825EDAA-3882-4197-86EF-914617DFC19B}
		{681EE9FD-D986-4E29-AD1C-72C138578E37} = {0825EDAA-3882-4197-86EF-914617DFC19B}
		{0AB3051F-7B4B-477D-9C0E-43054CBAE36E} = {0825EDAA-3882-4197-86EF-914617DFC19B}
		{8BDDF59D-6C94-4291-BFB4-D2C458600A18} = {0825EDAA-3882-4197-86EF-914617DFC19B}
		{14BD7F86-5D59-435C-8196-DC359A9D2B96} = {746B114A-F17B-4513-B91B-2B5C4E9B38D2}
		{6C5F97F9-75C3-4B43-AAE0-5F57D24EEE4A} = {23BEA8A4-DED1-404D-99B1-4FC2C87171DC}
		{808EFADE-D851-4697-90D3-684943F38C92} = {0A65D657-BCDB-401C-9662-DCCD194C80CC}
		{5CE37884-7572-4885-93B2-33094FEA495C} = {0A65D657-BCDB-401C-9662-DCCD194C80CC}
		{C210FDFF-77A1-4CE8-9525-C5332F8DE3A4} = {0A65D657-BCDB-401C-9662-DCCD194C80CC}
		{AAE4AF55-DB44-4DA9-BAA9-2E0C8093B3C4} = {0A65D657-BCDB-401C-9662-DCCD194C80CC}
		{CE8F56A7-6946-4B17-9433-1D21CBF3F7D1} = {746B114A-F17B-4513-B91B-2B5C4E9B38D2}
		{0EC4B16D-81EC-45B6-861F-6A76588B5822} = {4A461B27-8C00-4AF1-B1DE-80616088DF94}
		{32031DC7-416C-4A8C-8E4D-777CF7FADB21} = {25C46DFD-C987-48E1-8B83-22BD4574B5EA}
		{16D5AB28-C17C-48A1-AD1C-EC34D79590A9} = {D207ADF3-DD8C-449C-A042-0B122C9CE2DB}
	EndGlobalSection
	GlobalSection(ExtensibilityGlobals) = postSolution
		SolutionGuid = {200734F8-18B7-45D6-BC47-7AA912ADD5C7}
	EndGlobalSection
EndGlobal
